// !$*UTF8*$!
{
	archiveVersion = 1;
	classes = {
	};
	objectVersion = 51;
	objects = {

/* Begin PBXBuildFile section */
		504B67F6ADA39CCE177D9F12 /* Pods_ParstagramTests.framework in Frameworks */ = {isa = PBXBuildFile; fileRef = 64D03B02705AF3474DAC95D4 /* Pods_ParstagramTests.framework */; };
		674C2AA75B932693943E8081 /* Pods_Parstagram.framework in Frameworks */ = {isa = PBXBuildFile; fileRef = 340D3529AD35BF81E58D18F5 /* Pods_Parstagram.framework */; };
		A60A0360252BB888005C6A5A /* CommentCell.swift in Sources */ = {isa = PBXBuildFile; fileRef = A60A035F252BB888005C6A5A /* CommentCell.swift */; };
		A61BBBD82529502100ACDBD7 /* CameraViewController.swift in Sources */ = {isa = PBXBuildFile; fileRef = A61BBBD72529502100ACDBD7 /* CameraViewController.swift */; };
		A61BBBDD25296B7600ACDBD7 /* PostCell.swift in Sources */ = {isa = PBXBuildFile; fileRef = A61BBBDC25296B7600ACDBD7 /* PostCell.swift */; };
		A695020825215A8400B14D26 /* AppDelegate.swift in Sources */ = {isa = PBXBuildFile; fileRef = A695020725215A8400B14D26 /* AppDelegate.swift */; };
		A695020A25215A8400B14D26 /* SceneDelegate.swift in Sources */ = {isa = PBXBuildFile; fileRef = A695020925215A8400B14D26 /* SceneDelegate.swift */; };
		A695020F25215A8400B14D26 /* Main.storyboard in Resources */ = {isa = PBXBuildFile; fileRef = A695020D25215A8400B14D26 /* Main.storyboard */; };
		A695021125215A8700B14D26 /* Assets.xcassets in Resources */ = {isa = PBXBuildFile; fileRef = A695021025215A8700B14D26 /* Assets.xcassets */; };
		A695021425215A8700B14D26 /* LaunchScreen.storyboard in Resources */ = {isa = PBXBuildFile; fileRef = A695021225215A8700B14D26 /* LaunchScreen.storyboard */; };
		A695021F25215A8800B14D26 /* ParstagramTests.swift in Sources */ = {isa = PBXBuildFile; fileRef = A695021E25215A8800B14D26 /* ParstagramTests.swift */; };
		A695022A25215A8800B14D26 /* ParstagramUITests.swift in Sources */ = {isa = PBXBuildFile; fileRef = A695022925215A8800B14D26 /* ParstagramUITests.swift */; };
		A69502492521642000B14D26 /* LoginViewController.swift in Sources */ = {isa = PBXBuildFile; fileRef = A69502482521642000B14D26 /* LoginViewController.swift */; };
		A69502512521642C00B14D26 /* FeedViewController.swift in Sources */ = {isa = PBXBuildFile; fileRef = A69502502521642C00B14D26 /* FeedViewController.swift */; };
		FD55EBC9EB07E5B3E799D7FC /* Pods_Parstagram_ParstagramUITests.framework in Frameworks */ = {isa = PBXBuildFile; fileRef = A3A0F31E60917C6E7A0D3A3E /* Pods_Parstagram_ParstagramUITests.framework */; };
/* End PBXBuildFile section */

/* Begin PBXContainerItemProxy section */
		A695021B25215A8800B14D26 /* PBXContainerItemProxy */ = {
			isa = PBXContainerItemProxy;
			containerPortal = A69501FC25215A8400B14D26 /* Project object */;
			proxyType = 1;
			remoteGlobalIDString = A695020325215A8400B14D26;
			remoteInfo = Parstagram;
		};
		A695022625215A8800B14D26 /* PBXContainerItemProxy */ = {
			isa = PBXContainerItemProxy;
			containerPortal = A69501FC25215A8400B14D26 /* Project object */;
			proxyType = 1;
			remoteGlobalIDString = A695020325215A8400B14D26;
			remoteInfo = Parstagram;
		};
/* End PBXContainerItemProxy section */

/* Begin PBXFileReference section */
		340D3529AD35BF81E58D18F5 /* Pods_Parstagram.framework */ = {isa = PBXFileReference; explicitFileType = wrapper.framework; includeInIndex = 0; path = Pods_Parstagram.framework; sourceTree = BUILT_PRODUCTS_DIR; };
		385AA7F804A1ECA39CF0BCE2 /* Pods-ParstagramTests.debug.xcconfig */ = {isa = PBXFileReference; includeInIndex = 1; lastKnownFileType = text.xcconfig; name = "Pods-ParstagramTests.debug.xcconfig"; path = "Target Support Files/Pods-ParstagramTests/Pods-ParstagramTests.debug.xcconfig"; sourceTree = "<group>"; };
		646B37694371BAC00D7FCFBF /* Pods-Parstagram.release.xcconfig */ = {isa = PBXFileReference; includeInIndex = 1; lastKnownFileType = text.xcconfig; name = "Pods-Parstagram.release.xcconfig"; path = "Target Support Files/Pods-Parstagram/Pods-Parstagram.release.xcconfig"; sourceTree = "<group>"; };
		64D03B02705AF3474DAC95D4 /* Pods_ParstagramTests.framework */ = {isa = PBXFileReference; explicitFileType = wrapper.framework; includeInIndex = 0; path = Pods_ParstagramTests.framework; sourceTree = BUILT_PRODUCTS_DIR; };
		6BD5C720232BC6B3BD5EE643 /* Pods-Parstagram-ParstagramUITests.release.xcconfig */ = {isa = PBXFileReference; includeInIndex = 1; lastKnownFileType = text.xcconfig; name = "Pods-Parstagram-ParstagramUITests.release.xcconfig"; path = "Target Support Files/Pods-Parstagram-ParstagramUITests/Pods-Parstagram-ParstagramUITests.release.xcconfig"; sourceTree = "<group>"; };
		7D166A844AFBFAC92FEC7FC0 /* Pods-Parstagram.debug.xcconfig */ = {isa = PBXFileReference; includeInIndex = 1; lastKnownFileType = text.xcconfig; name = "Pods-Parstagram.debug.xcconfig"; path = "Target Support Files/Pods-Parstagram/Pods-Parstagram.debug.xcconfig"; sourceTree = "<group>"; };
		95EABFB673A05FD05A5DDF5E /* Pods-Parstagram-ParstagramUITests.debug.xcconfig */ = {isa = PBXFileReference; includeInIndex = 1; lastKnownFileType = text.xcconfig; name = "Pods-Parstagram-ParstagramUITests.debug.xcconfig"; path = "Target Support Files/Pods-Parstagram-ParstagramUITests/Pods-Parstagram-ParstagramUITests.debug.xcconfig"; sourceTree = "<group>"; };
		A3A0F31E60917C6E7A0D3A3E /* Pods_Parstagram_ParstagramUITests.framework */ = {isa = PBXFileReference; explicitFileType = wrapper.framework; includeInIndex = 0; path = Pods_Parstagram_ParstagramUITests.framework; sourceTree = BUILT_PRODUCTS_DIR; };
		A60A035F252BB888005C6A5A /* CommentCell.swift */ = {isa = PBXFileReference; lastKnownFileType = sourcecode.swift; path = CommentCell.swift; sourceTree = "<group>"; };
		A61BBBD72529502100ACDBD7 /* CameraViewController.swift */ = {isa = PBXFileReference; lastKnownFileType = sourcecode.swift; path = CameraViewController.swift; sourceTree = "<group>"; };
		A61BBBDC25296B7600ACDBD7 /* PostCell.swift */ = {isa = PBXFileReference; lastKnownFileType = sourcecode.swift; path = PostCell.swift; sourceTree = "<group>"; };
		A695020425215A8400B14D26 /* Parstagram.app */ = {isa = PBXFileReference; explicitFileType = wrapper.application; includeInIndex = 0; path = Parstagram.app; sourceTree = BUILT_PRODUCTS_DIR; };
		A695020725215A8400B14D26 /* AppDelegate.swift */ = {isa = PBXFileReference; lastKnownFileType = sourcecode.swift; path = AppDelegate.swift; sourceTree = "<group>"; };
		A695020925215A8400B14D26 /* SceneDelegate.swift */ = {isa = PBXFileReference; lastKnownFileType = sourcecode.swift; path = SceneDelegate.swift; sourceTree = "<group>"; };
		A695020E25215A8400B14D26 /* Base */ = {isa = PBXFileReference; lastKnownFileType = file.storyboard; name = Base; path = Base.lproj/Main.storyboard; sourceTree = "<group>"; };
		A695021025215A8700B14D26 /* Assets.xcassets */ = {isa = PBXFileReference; lastKnownFileType = folder.assetcatalog; path = Assets.xcassets; sourceTree = "<group>"; };
		A695021325215A8700B14D26 /* Base */ = {isa = PBXFileReference; lastKnownFileType = file.storyboard; name = Base; path = Base.lproj/LaunchScreen.storyboard; sourceTree = "<group>"; };
		A695021525215A8700B14D26 /* Info.plist */ = {isa = PBXFileReference; lastKnownFileType = text.plist.xml; path = Info.plist; sourceTree = "<group>"; };
		A695021A25215A8800B14D26 /* ParstagramTests.xctest */ = {isa = PBXFileReference; explicitFileType = wrapper.cfbundle; includeInIndex = 0; path = ParstagramTests.xctest; sourceTree = BUILT_PRODUCTS_DIR; };
		A695021E25215A8800B14D26 /* ParstagramTests.swift */ = {isa = PBXFileReference; lastKnownFileType = sourcecode.swift; path = ParstagramTests.swift; sourceTree = "<group>"; };
		A695022025215A8800B14D26 /* Info.plist */ = {isa = PBXFileReference; lastKnownFileType = text.plist.xml; path = Info.plist; sourceTree = "<group>"; };
		A695022525215A8800B14D26 /* ParstagramUITests.xctest */ = {isa = PBXFileReference; explicitFileType = wrapper.cfbundle; includeInIndex = 0; path = ParstagramUITests.xctest; sourceTree = BUILT_PRODUCTS_DIR; };
		A695022925215A8800B14D26 /* ParstagramUITests.swift */ = {isa = PBXFileReference; lastKnownFileType = sourcecode.swift; path = ParstagramUITests.swift; sourceTree = "<group>"; };
		A695022B25215A8800B14D26 /* Info.plist */ = {isa = PBXFileReference; lastKnownFileType = text.plist.xml; path = Info.plist; sourceTree = "<group>"; };
		A69502482521642000B14D26 /* LoginViewController.swift */ = {isa = PBXFileReference; lastKnownFileType = sourcecode.swift; path = LoginViewController.swift; sourceTree = "<group>"; };
		A69502502521642C00B14D26 /* FeedViewController.swift */ = {isa = PBXFileReference; lastKnownFileType = sourcecode.swift; path = FeedViewController.swift; sourceTree = "<group>"; };
		A7C950EB1DD9FDB70311CF72 /* Pods-ParstagramTests.release.xcconfig */ = {isa = PBXFileReference; includeInIndex = 1; lastKnownFileType = text.xcconfig; name = "Pods-ParstagramTests.release.xcconfig"; path = "Target Support Files/Pods-ParstagramTests/Pods-ParstagramTests.release.xcconfig"; sourceTree = "<group>"; };
/* End PBXFileReference section */

/* Begin PBXFrameworksBuildPhase section */
		A695020125215A8400B14D26 /* Frameworks */ = {
			isa = PBXFrameworksBuildPhase;
			buildActionMask = 2147483647;
			files = (
				674C2AA75B932693943E8081 /* Pods_Parstagram.framework in Frameworks */,
			);
			runOnlyForDeploymentPostprocessing = 0;
		};
		A695021725215A8800B14D26 /* Frameworks */ = {
			isa = PBXFrameworksBuildPhase;
			buildActionMask = 2147483647;
			files = (
				504B67F6ADA39CCE177D9F12 /* Pods_ParstagramTests.framework in Frameworks */,
			);
			runOnlyForDeploymentPostprocessing = 0;
		};
		A695022225215A8800B14D26 /* Frameworks */ = {
			isa = PBXFrameworksBuildPhase;
			buildActionMask = 2147483647;
			files = (
				FD55EBC9EB07E5B3E799D7FC /* Pods_Parstagram_ParstagramUITests.framework in Frameworks */,
			);
			runOnlyForDeploymentPostprocessing = 0;
		};
/* End PBXFrameworksBuildPhase section */

/* Begin PBXGroup section */
		1EC55B5BDA703C3DE5F1AAFC /* Frameworks */ = {
			isa = PBXGroup;
			children = (
				340D3529AD35BF81E58D18F5 /* Pods_Parstagram.framework */,
				A3A0F31E60917C6E7A0D3A3E /* Pods_Parstagram_ParstagramUITests.framework */,
				64D03B02705AF3474DAC95D4 /* Pods_ParstagramTests.framework */,
			);
			name = Frameworks;
			sourceTree = "<group>";
		};
		A69501FB25215A8400B14D26 = {
			isa = PBXGroup;
			children = (
				A695020625215A8400B14D26 /* Parstagram */,
				A695021D25215A8800B14D26 /* ParstagramTests */,
				A695022825215A8800B14D26 /* ParstagramUITests */,
				A695020525215A8400B14D26 /* Products */,
				FB37C6D8E2057A04BCD9ACAF /* Pods */,
				1EC55B5BDA703C3DE5F1AAFC /* Frameworks */,
			);
			sourceTree = "<group>";
		};
		A695020525215A8400B14D26 /* Products */ = {
			isa = PBXGroup;
			children = (
				A695020425215A8400B14D26 /* Parstagram.app */,
				A695021A25215A8800B14D26 /* ParstagramTests.xctest */,
				A695022525215A8800B14D26 /* ParstagramUITests.xctest */,
			);
			name = Products;
			sourceTree = "<group>";
		};
		A695020625215A8400B14D26 /* Parstagram */ = {
			isa = PBXGroup;
			children = (
				A695020725215A8400B14D26 /* AppDelegate.swift */,
				A695020925215A8400B14D26 /* SceneDelegate.swift */,
				A695021025215A8700B14D26 /* Assets.xcassets */,
				A695021225215A8700B14D26 /* LaunchScreen.storyboard */,
				A695020D25215A8400B14D26 /* Main.storyboard */,
				A695021525215A8700B14D26 /* Info.plist */,
				A69502482521642000B14D26 /* LoginViewController.swift */,
				A69502502521642C00B14D26 /* FeedViewController.swift */,
				A61BBBD72529502100ACDBD7 /* CameraViewController.swift */,
				A61BBBDC25296B7600ACDBD7 /* PostCell.swift */,
				A60A035F252BB888005C6A5A /* CommentCell.swift */,
			);
			path = Parstagram;
			sourceTree = "<group>";
		};
		A695021D25215A8800B14D26 /* ParstagramTests */ = {
			isa = PBXGroup;
			children = (
				A695021E25215A8800B14D26 /* ParstagramTests.swift */,
				A695022025215A8800B14D26 /* Info.plist */,
			);
			path = ParstagramTests;
			sourceTree = "<group>";
		};
		A695022825215A8800B14D26 /* ParstagramUITests */ = {
			isa = PBXGroup;
			children = (
				A695022925215A8800B14D26 /* ParstagramUITests.swift */,
				A695022B25215A8800B14D26 /* Info.plist */,
			);
			path = ParstagramUITests;
			sourceTree = "<group>";
		};
		FB37C6D8E2057A04BCD9ACAF /* Pods */ = {
			isa = PBXGroup;
			children = (
				7D166A844AFBFAC92FEC7FC0 /* Pods-Parstagram.debug.xcconfig */,
				646B37694371BAC00D7FCFBF /* Pods-Parstagram.release.xcconfig */,
				95EABFB673A05FD05A5DDF5E /* Pods-Parstagram-ParstagramUITests.debug.xcconfig */,
				6BD5C720232BC6B3BD5EE643 /* Pods-Parstagram-ParstagramUITests.release.xcconfig */,
				385AA7F804A1ECA39CF0BCE2 /* Pods-ParstagramTests.debug.xcconfig */,
				A7C950EB1DD9FDB70311CF72 /* Pods-ParstagramTests.release.xcconfig */,
			);
			path = Pods;
			sourceTree = "<group>";
		};
/* End PBXGroup section */

/* Begin PBXNativeTarget section */
		A695020325215A8400B14D26 /* Parstagram */ = {
			isa = PBXNativeTarget;
			buildConfigurationList = A695022E25215A8800B14D26 /* Build configuration list for PBXNativeTarget "Parstagram" */;
			buildPhases = (
				A02D360F4BA7C908C47EC2B3 /* [CP] Check Pods Manifest.lock */,
				A695020025215A8400B14D26 /* Sources */,
				A695020125215A8400B14D26 /* Frameworks */,
				A695020225215A8400B14D26 /* Resources */,
				9C628A6C2039C57F2C62F34B /* [CP] Embed Pods Frameworks */,
			);
			buildRules = (
			);
			dependencies = (
			);
			name = Parstagram;
			productName = Parstagram;
			productReference = A695020425215A8400B14D26 /* Parstagram.app */;
			productType = "com.apple.product-type.application";
		};
		A695021925215A8800B14D26 /* ParstagramTests */ = {
			isa = PBXNativeTarget;
			buildConfigurationList = A695023125215A8800B14D26 /* Build configuration list for PBXNativeTarget "ParstagramTests" */;
			buildPhases = (
				A7D5D23E0919C9EE01B0DAE4 /* [CP] Check Pods Manifest.lock */,
				A695021625215A8800B14D26 /* Sources */,
				A695021725215A8800B14D26 /* Frameworks */,
				A695021825215A8800B14D26 /* Resources */,
			);
			buildRules = (
			);
			dependencies = (
				A695021C25215A8800B14D26 /* PBXTargetDependency */,
			);
			name = ParstagramTests;
			productName = ParstagramTests;
			productReference = A695021A25215A8800B14D26 /* ParstagramTests.xctest */;
			productType = "com.apple.product-type.bundle.unit-test";
		};
		A695022425215A8800B14D26 /* ParstagramUITests */ = {
			isa = PBXNativeTarget;
			buildConfigurationList = A695023425215A8800B14D26 /* Build configuration list for PBXNativeTarget "ParstagramUITests" */;
			buildPhases = (
				5819CBEFDBE67003AC6E0FD7 /* [CP] Check Pods Manifest.lock */,
				A695022125215A8800B14D26 /* Sources */,
				A695022225215A8800B14D26 /* Frameworks */,
				A695022325215A8800B14D26 /* Resources */,
				B68232A77408E5462E96C958 /* [CP] Embed Pods Frameworks */,
			);
			buildRules = (
			);
			dependencies = (
				A695022725215A8800B14D26 /* PBXTargetDependency */,
			);
			name = ParstagramUITests;
			productName = ParstagramUITests;
			productReference = A695022525215A8800B14D26 /* ParstagramUITests.xctest */;
			productType = "com.apple.product-type.bundle.ui-testing";
		};
/* End PBXNativeTarget section */

/* Begin PBXProject section */
		A69501FC25215A8400B14D26 /* Project object */ = {
			isa = PBXProject;
			attributes = {
				LastSwiftUpdateCheck = 1200;
				LastUpgradeCheck = 1200;
				TargetAttributes = {
					A695020325215A8400B14D26 = {
						CreatedOnToolsVersion = 12.0;
					};
					A695021925215A8800B14D26 = {
						CreatedOnToolsVersion = 12.0;
						TestTargetID = A695020325215A8400B14D26;
					};
					A695022425215A8800B14D26 = {
						CreatedOnToolsVersion = 12.0;
						TestTargetID = A695020325215A8400B14D26;
					};
				};
			};
			buildConfigurationList = A69501FF25215A8400B14D26 /* Build configuration list for PBXProject "Parstagram" */;
			compatibilityVersion = "Xcode 9.3";
			developmentRegion = en;
			hasScannedForEncodings = 0;
			knownRegions = (
				en,
				Base,
			);
			mainGroup = A69501FB25215A8400B14D26;
			productRefGroup = A695020525215A8400B14D26 /* Products */;
			projectDirPath = "";
			projectRoot = "";
			targets = (
				A695020325215A8400B14D26 /* Parstagram */,
				A695021925215A8800B14D26 /* ParstagramTests */,
				A695022425215A8800B14D26 /* ParstagramUITests */,
			);
		};
/* End PBXProject section */

/* Begin PBXResourcesBuildPhase section */
		A695020225215A8400B14D26 /* Resources */ = {
			isa = PBXResourcesBuildPhase;
			buildActionMask = 2147483647;
			files = (
				A695021425215A8700B14D26 /* LaunchScreen.storyboard in Resources */,
				A695021125215A8700B14D26 /* Assets.xcassets in Resources */,
				A695020F25215A8400B14D26 /* Main.storyboard in Resources */,
			);
			runOnlyForDeploymentPostprocessing = 0;
		};
		A695021825215A8800B14D26 /* Resources */ = {
			isa = PBXResourcesBuildPhase;
			buildActionMask = 2147483647;
			files = (
			);
			runOnlyForDeploymentPostprocessing = 0;
		};
		A695022325215A8800B14D26 /* Resources */ = {
			isa = PBXResourcesBuildPhase;
			buildActionMask = 2147483647;
			files = (
			);
			runOnlyForDeploymentPostprocessing = 0;
		};
/* End PBXResourcesBuildPhase section */

/* Begin PBXShellScriptBuildPhase section */
		5819CBEFDBE67003AC6E0FD7 /* [CP] Check Pods Manifest.lock */ = {
			isa = PBXShellScriptBuildPhase;
			buildActionMask = 2147483647;
			files = (
			);
			inputFileListPaths = (
			);
			inputPaths = (
				"${PODS_PODFILE_DIR_PATH}/Podfile.lock",
				"${PODS_ROOT}/Manifest.lock",
			);
			name = "[CP] Check Pods Manifest.lock";
			outputFileListPaths = (
			);
			outputPaths = (
				"$(DERIVED_FILE_DIR)/Pods-Parstagram-ParstagramUITests-checkManifestLockResult.txt",
			);
			runOnlyForDeploymentPostprocessing = 0;
			shellPath = /bin/sh;
			shellScript = "diff \"${PODS_PODFILE_DIR_PATH}/Podfile.lock\" \"${PODS_ROOT}/Manifest.lock\" > /dev/null\nif [ $? != 0 ] ; then\n    # print error to STDERR\n    echo \"error: The sandbox is not in sync with the Podfile.lock. Run 'pod install' or update your CocoaPods installation.\" >&2\n    exit 1\nfi\n# This output is used by Xcode 'outputs' to avoid re-running this script phase.\necho \"SUCCESS\" > \"${SCRIPT_OUTPUT_FILE_0}\"\n";
			showEnvVarsInLog = 0;
		};
		9C628A6C2039C57F2C62F34B /* [CP] Embed Pods Frameworks */ = {
			isa = PBXShellScriptBuildPhase;
			buildActionMask = 2147483647;
			files = (
			);
			inputFileListPaths = (
				"${PODS_ROOT}/Target Support Files/Pods-Parstagram/Pods-Parstagram-frameworks-${CONFIGURATION}-input-files.xcfilelist",
			);
			name = "[CP] Embed Pods Frameworks";
			outputFileListPaths = (
				"${PODS_ROOT}/Target Support Files/Pods-Parstagram/Pods-Parstagram-frameworks-${CONFIGURATION}-output-files.xcfilelist",
			);
			runOnlyForDeploymentPostprocessing = 0;
			shellPath = /bin/sh;
			shellScript = "\"${PODS_ROOT}/Target Support Files/Pods-Parstagram/Pods-Parstagram-frameworks.sh\"\n";
			showEnvVarsInLog = 0;
		};
		A02D360F4BA7C908C47EC2B3 /* [CP] Check Pods Manifest.lock */ = {
			isa = PBXShellScriptBuildPhase;
			buildActionMask = 2147483647;
			files = (
			);
			inputFileListPaths = (
			);
			inputPaths = (
				"${PODS_PODFILE_DIR_PATH}/Podfile.lock",
				"${PODS_ROOT}/Manifest.lock",
			);
			name = "[CP] Check Pods Manifest.lock";
			outputFileListPaths = (
			);
			outputPaths = (
				"$(DERIVED_FILE_DIR)/Pods-Parstagram-checkManifestLockResult.txt",
			);
			runOnlyForDeploymentPostprocessing = 0;
			shellPath = /bin/sh;
			shellScript = "diff \"${PODS_PODFILE_DIR_PATH}/Podfile.lock\" \"${PODS_ROOT}/Manifest.lock\" > /dev/null\nif [ $? != 0 ] ; then\n    # print error to STDERR\n    echo \"error: The sandbox is not in sync with the Podfile.lock. Run 'pod install' or update your CocoaPods installation.\" >&2\n    exit 1\nfi\n# This output is used by Xcode 'outputs' to avoid re-running this script phase.\necho \"SUCCESS\" > \"${SCRIPT_OUTPUT_FILE_0}\"\n";
			showEnvVarsInLog = 0;
		};
		A7D5D23E0919C9EE01B0DAE4 /* [CP] Check Pods Manifest.lock */ = {
			isa = PBXShellScriptBuildPhase;
			buildActionMask = 2147483647;
			files = (
			);
			inputFileListPaths = (
			);
			inputPaths = (
				"${PODS_PODFILE_DIR_PATH}/Podfile.lock",
				"${PODS_ROOT}/Manifest.lock",
			);
			name = "[CP] Check Pods Manifest.lock";
			outputFileListPaths = (
			);
			outputPaths = (
				"$(DERIVED_FILE_DIR)/Pods-ParstagramTests-checkManifestLockResult.txt",
			);
			runOnlyForDeploymentPostprocessing = 0;
			shellPath = /bin/sh;
			shellScript = "diff \"${PODS_PODFILE_DIR_PATH}/Podfile.lock\" \"${PODS_ROOT}/Manifest.lock\" > /dev/null\nif [ $? != 0 ] ; then\n    # print error to STDERR\n    echo \"error: The sandbox is not in sync with the Podfile.lock. Run 'pod install' or update your CocoaPods installation.\" >&2\n    exit 1\nfi\n# This output is used by Xcode 'outputs' to avoid re-running this script phase.\necho \"SUCCESS\" > \"${SCRIPT_OUTPUT_FILE_0}\"\n";
			showEnvVarsInLog = 0;
		};
		B68232A77408E5462E96C958 /* [CP] Embed Pods Frameworks */ = {
			isa = PBXShellScriptBuildPhase;
			buildActionMask = 2147483647;
			files = (
			);
			inputFileListPaths = (
				"${PODS_ROOT}/Target Support Files/Pods-Parstagram-ParstagramUITests/Pods-Parstagram-ParstagramUITests-frameworks-${CONFIGURATION}-input-files.xcfilelist",
			);
			name = "[CP] Embed Pods Frameworks";
			outputFileListPaths = (
				"${PODS_ROOT}/Target Support Files/Pods-Parstagram-ParstagramUITests/Pods-Parstagram-ParstagramUITests-frameworks-${CONFIGURATION}-output-files.xcfilelist",
			);
			runOnlyForDeploymentPostprocessing = 0;
			shellPath = /bin/sh;
			shellScript = "\"${PODS_ROOT}/Target Support Files/Pods-Parstagram-ParstagramUITests/Pods-Parstagram-ParstagramUITests-frameworks.sh\"\n";
			showEnvVarsInLog = 0;
		};
/* End PBXShellScriptBuildPhase section */

/* Begin PBXSourcesBuildPhase section */
		A695020025215A8400B14D26 /* Sources */ = {
			isa = PBXSourcesBuildPhase;
			buildActionMask = 2147483647;
			files = (
				A69502492521642000B14D26 /* LoginViewController.swift in Sources */,
				A61BBBD82529502100ACDBD7 /* CameraViewController.swift in Sources */,
				A695020825215A8400B14D26 /* AppDelegate.swift in Sources */,
				A69502512521642C00B14D26 /* FeedViewController.swift in Sources */,
				A695020A25215A8400B14D26 /* SceneDelegate.swift in Sources */,
				A61BBBDD25296B7600ACDBD7 /* PostCell.swift in Sources */,
				A60A0360252BB888005C6A5A /* CommentCell.swift in Sources */,
			);
			runOnlyForDeploymentPostprocessing = 0;
		};
		A695021625215A8800B14D26 /* Sources */ = {
			isa = PBXSourcesBuildPhase;
			buildActionMask = 2147483647;
			files = (
				A695021F25215A8800B14D26 /* ParstagramTests.swift in Sources */,
			);
			runOnlyForDeploymentPostprocessing = 0;
		};
		A695022125215A8800B14D26 /* Sources */ = {
			isa = PBXSourcesBuildPhase;
			buildActionMask = 2147483647;
			files = (
				A695022A25215A8800B14D26 /* ParstagramUITests.swift in Sources */,
			);
			runOnlyForDeploymentPostprocessing = 0;
		};
/* End PBXSourcesBuildPhase section */

/* Begin PBXTargetDependency section */
		A695021C25215A8800B14D26 /* PBXTargetDependency */ = {
			isa = PBXTargetDependency;
			target = A695020325215A8400B14D26 /* Parstagram */;
			targetProxy = A695021B25215A8800B14D26 /* PBXContainerItemProxy */;
		};
		A695022725215A8800B14D26 /* PBXTargetDependency */ = {
			isa = PBXTargetDependency;
			target = A695020325215A8400B14D26 /* Parstagram */;
			targetProxy = A695022625215A8800B14D26 /* PBXContainerItemProxy */;
		};
/* End PBXTargetDependency section */

/* Begin PBXVariantGroup section */
		A695020D25215A8400B14D26 /* Main.storyboard */ = {
			isa = PBXVariantGroup;
			children = (
				A695020E25215A8400B14D26 /* Base */,
			);
			name = Main.storyboard;
			sourceTree = "<group>";
		};
		A695021225215A8700B14D26 /* LaunchScreen.storyboard */ = {
			isa = PBXVariantGroup;
			children = (
				A695021325215A8700B14D26 /* Base */,
			);
			name = LaunchScreen.storyboard;
			sourceTree = "<group>";
		};
/* End PBXVariantGroup section */

/* Begin XCBuildConfiguration section */
		A695022C25215A8800B14D26 /* Debug */ = {
			isa = XCBuildConfiguration;
			buildSettings = {
				ALWAYS_SEARCH_USER_PATHS = NO;
				CLANG_ANALYZER_NONNULL = YES;
				CLANG_ANALYZER_NUMBER_OBJECT_CONVERSION = YES_AGGRESSIVE;
				CLANG_CXX_LANGUAGE_STANDARD = "gnu++14";
				CLANG_CXX_LIBRARY = "libc++";
				CLANG_ENABLE_MODULES = YES;
				CLANG_ENABLE_OBJC_ARC = YES;
				CLANG_ENABLE_OBJC_WEAK = YES;
				CLANG_WARN_BLOCK_CAPTURE_AUTORELEASING = YES;
				CLANG_WARN_BOOL_CONVERSION = YES;
				CLANG_WARN_COMMA = YES;
				CLANG_WARN_CONSTANT_CONVERSION = YES;
				CLANG_WARN_DEPRECATED_OBJC_IMPLEMENTATIONS = YES;
				CLANG_WARN_DIRECT_OBJC_ISA_USAGE = YES_ERROR;
				CLANG_WARN_DOCUMENTATION_COMMENTS = YES;
				CLANG_WARN_EMPTY_BODY = YES;
				CLANG_WARN_ENUM_CONVERSION = YES;
				CLANG_WARN_INFINITE_RECURSION = YES;
				CLANG_WARN_INT_CONVERSION = YES;
				CLANG_WARN_NON_LITERAL_NULL_CONVERSION = YES;
				CLANG_WARN_OBJC_IMPLICIT_RETAIN_SELF = YES;
				CLANG_WARN_OBJC_LITERAL_CONVERSION = YES;
				CLANG_WARN_OBJC_ROOT_CLASS = YES_ERROR;
				CLANG_WARN_QUOTED_INCLUDE_IN_FRAMEWORK_HEADER = YES;
				CLANG_WARN_RANGE_LOOP_ANALYSIS = YES;
				CLANG_WARN_STRICT_PROTOTYPES = YES;
				CLANG_WARN_SUSPICIOUS_MOVE = YES;
				CLANG_WARN_UNGUARDED_AVAILABILITY = YES_AGGRESSIVE;
				CLANG_WARN_UNREACHABLE_CODE = YES;
				CLANG_WARN__DUPLICATE_METHOD_MATCH = YES;
				COPY_PHASE_STRIP = NO;
				DEBUG_INFORMATION_FORMAT = dwarf;
				ENABLE_STRICT_OBJC_MSGSEND = YES;
				ENABLE_TESTABILITY = YES;
				GCC_C_LANGUAGE_STANDARD = gnu11;
				GCC_DYNAMIC_NO_PIC = NO;
				GCC_NO_COMMON_BLOCKS = YES;
				GCC_OPTIMIZATION_LEVEL = 0;
				GCC_PREPROCESSOR_DEFINITIONS = (
					"DEBUG=1",
					"$(inherited)",
				);
				GCC_WARN_64_TO_32_BIT_CONVERSION = YES;
				GCC_WARN_ABOUT_RETURN_TYPE = YES_ERROR;
				GCC_WARN_UNDECLARED_SELECTOR = YES;
				GCC_WARN_UNINITIALIZED_AUTOS = YES_AGGRESSIVE;
				GCC_WARN_UNUSED_FUNCTION = YES;
				GCC_WARN_UNUSED_VARIABLE = YES;
				IPHONEOS_DEPLOYMENT_TARGET = 14.0;
				MTL_ENABLE_DEBUG_INFO = INCLUDE_SOURCE;
				MTL_FAST_MATH = YES;
				ONLY_ACTIVE_ARCH = YES;
				SDKROOT = iphoneos;
				SWIFT_ACTIVE_COMPILATION_CONDITIONS = DEBUG;
				SWIFT_OPTIMIZATION_LEVEL = "-Onone";
			};
			name = Debug;
		};
		A695022D25215A8800B14D26 /* Release */ = {
			isa = XCBuildConfiguration;
			buildSettings = {
				ALWAYS_SEARCH_USER_PATHS = NO;
				CLANG_ANALYZER_NONNULL = YES;
				CLANG_ANALYZER_NUMBER_OBJECT_CONVERSION = YES_AGGRESSIVE;
				CLANG_CXX_LANGUAGE_STANDARD = "gnu++14";
				CLANG_CXX_LIBRARY = "libc++";
				CLANG_ENABLE_MODULES = YES;
				CLANG_ENABLE_OBJC_ARC = YES;
				CLANG_ENABLE_OBJC_WEAK = YES;
				CLANG_WARN_BLOCK_CAPTURE_AUTORELEASING = YES;
				CLANG_WARN_BOOL_CONVERSION = YES;
				CLANG_WARN_COMMA = YES;
				CLANG_WARN_CONSTANT_CONVERSION = YES;
				CLANG_WARN_DEPRECATED_OBJC_IMPLEMENTATIONS = YES;
				CLANG_WARN_DIRECT_OBJC_ISA_USAGE = YES_ERROR;
				CLANG_WARN_DOCUMENTATION_COMMENTS = YES;
				CLANG_WARN_EMPTY_BODY = YES;
				CLANG_WARN_ENUM_CONVERSION = YES;
				CLANG_WARN_INFINITE_RECURSION = YES;
				CLANG_WARN_INT_CONVERSION = YES;
				CLANG_WARN_NON_LITERAL_NULL_CONVERSION = YES;
				CLANG_WARN_OBJC_IMPLICIT_RETAIN_SELF = YES;
				CLANG_WARN_OBJC_LITERAL_CONVERSION = YES;
				CLANG_WARN_OBJC_ROOT_CLASS = YES_ERROR;
				CLANG_WARN_QUOTED_INCLUDE_IN_FRAMEWORK_HEADER = YES;
				CLANG_WARN_RANGE_LOOP_ANALYSIS = YES;
				CLANG_WARN_STRICT_PROTOTYPES = YES;
				CLANG_WARN_SUSPICIOUS_MOVE = YES;
				CLANG_WARN_UNGUARDED_AVAILABILITY = YES_AGGRESSIVE;
				CLANG_WARN_UNREACHABLE_CODE = YES;
				CLANG_WARN__DUPLICATE_METHOD_MATCH = YES;
				COPY_PHASE_STRIP = NO;
				DEBUG_INFORMATION_FORMAT = "dwarf-with-dsym";
				ENABLE_NS_ASSERTIONS = NO;
				ENABLE_STRICT_OBJC_MSGSEND = YES;
				GCC_C_LANGUAGE_STANDARD = gnu11;
				GCC_NO_COMMON_BLOCKS = YES;
				GCC_WARN_64_TO_32_BIT_CONVERSION = YES;
				GCC_WARN_ABOUT_RETURN_TYPE = YES_ERROR;
				GCC_WARN_UNDECLARED_SELECTOR = YES;
				GCC_WARN_UNINITIALIZED_AUTOS = YES_AGGRESSIVE;
				GCC_WARN_UNUSED_FUNCTION = YES;
				GCC_WARN_UNUSED_VARIABLE = YES;
				IPHONEOS_DEPLOYMENT_TARGET = 14.0;
				MTL_ENABLE_DEBUG_INFO = NO;
				MTL_FAST_MATH = YES;
				SDKROOT = iphoneos;
				SWIFT_COMPILATION_MODE = wholemodule;
				SWIFT_OPTIMIZATION_LEVEL = "-O";
				VALIDATE_PRODUCT = YES;
			};
			name = Release;
		};
		A695022F25215A8800B14D26 /* Debug */ = {
			isa = XCBuildConfiguration;
			baseConfigurationReference = 7D166A844AFBFAC92FEC7FC0 /* Pods-Parstagram.debug.xcconfig */;
			buildSettings = {
				ASSETCATALOG_COMPILER_APPICON_NAME = AppIcon;
				ASSETCATALOG_COMPILER_GLOBAL_ACCENT_COLOR_NAME = AccentColor;
				CODE_SIGN_STYLE = Automatic;
				DEVELOPMENT_TEAM = PWUAJ69Y97;
				INFOPLIST_FILE = Parstagram/Info.plist;
				LD_RUNPATH_SEARCH_PATHS = (
					"$(inherited)",
					"@executable_path/Frameworks",
				);
				PRODUCT_BUNDLE_IDENTIFIER = com.gabrielleviray.Parstagram;
				PRODUCT_NAME = "$(TARGET_NAME)";
				SWIFT_VERSION = 5.0;
				TARGETED_DEVICE_FAMILY = "1,2";
			};
			name = Debug;
		};
		A695023025215A8800B14D26 /* Release */ = {
			isa = XCBuildConfiguration;
			baseConfigurationReference = 646B37694371BAC00D7FCFBF /* Pods-Parstagram.release.xcconfig */;
			buildSettings = {
				ASSETCATALOG_COMPILER_APPICON_NAME = AppIcon;
				ASSETCATALOG_COMPILER_GLOBAL_ACCENT_COLOR_NAME = AccentColor;
				CODE_SIGN_STYLE = Automatic;
				DEVELOPMENT_TEAM = PWUAJ69Y97;
				INFOPLIST_FILE = Parstagram/Info.plist;
				LD_RUNPATH_SEARCH_PATHS = (
					"$(inherited)",
					"@executable_path/Frameworks",
				);
				PRODUCT_BUNDLE_IDENTIFIER = com.gabrielleviray.Parstagram;
				PRODUCT_NAME = "$(TARGET_NAME)";
				SWIFT_VERSION = 5.0;
				TARGETED_DEVICE_FAMILY = "1,2";
			};
			name = Release;
		};
		A695023225215A8800B14D26 /* Debug */ = {
			isa = XCBuildConfiguration;
			baseConfigurationReference = 385AA7F804A1ECA39CF0BCE2 /* Pods-ParstagramTests.debug.xcconfig */;
			buildSettings = {
				ALWAYS_EMBED_SWIFT_STANDARD_LIBRARIES = YES;
				BUNDLE_LOADER = "$(TEST_HOST)";
				CODE_SIGN_STYLE = Automatic;
				DEVELOPMENT_TEAM = PWUAJ69Y97;
				INFOPLIST_FILE = ParstagramTests/Info.plist;
				IPHONEOS_DEPLOYMENT_TARGET = 14.0;
				LD_RUNPATH_SEARCH_PATHS = (
					"$(inherited)",
					"@executable_path/Frameworks",
					"@loader_path/Frameworks",
				);
				PRODUCT_BUNDLE_IDENTIFIER = com.gabrielleviray.ParstagramTests;
				PRODUCT_NAME = "$(TARGET_NAME)";
				SWIFT_VERSION = 5.0;
				TARGETED_DEVICE_FAMILY = "1,2";
				TEST_HOST = "$(BUILT_PRODUCTS_DIR)/Parstagram.app/Parstagram";
			};
			name = Debug;
		};
		A695023325215A8800B14D26 /* Release */ = {
			isa = XCBuildConfiguration;
			baseConfigurationReference = A7C950EB1DD9FDB70311CF72 /* Pods-ParstagramTests.release.xcconfig */;
			buildSettings = {
				ALWAYS_EMBED_SWIFT_STANDARD_LIBRARIES = YES;
				BUNDLE_LOADER = "$(TEST_HOST)";
				CODE_SIGN_STYLE = Automatic;
				DEVELOPMENT_TEAM = PWUAJ69Y97;
				INFOPLIST_FILE = ParstagramTests/Info.plist;
				IPHONEOS_DEPLOYMENT_TARGET = 14.0;
				LD_RUNPATH_SEARCH_PATHS = (
					"$(inherited)",
					"@executable_path/Frameworks",
					"@loader_path/Frameworks",
				);
				PRODUCT_BUNDLE_IDENTIFIER = com.gabrielleviray.ParstagramTests;
				PRODUCT_NAME = "$(TARGET_NAME)";
				SWIFT_VERSION = 5.0;
				TARGETED_DEVICE_FAMILY = "1,2";
				TEST_HOST = "$(BUILT_PRODUCTS_DIR)/Parstagram.app/Parstagram";
			};
			name = Release;
		};
		A695023525215A8800B14D26 /* Debug */ = {
			isa = XCBuildConfiguration;
			baseConfigurationReference = 95EABFB673A05FD05A5DDF5E /* Pods-Parstagram-ParstagramUITests.debug.xcconfig */;
			buildSettings = {
				ALWAYS_EMBED_SWIFT_STANDARD_LIBRARIES = YES;
				CODE_SIGN_STYLE = Automatic;
				DEVELOPMENT_TEAM = PWUAJ69Y97;
				INFOPLIST_FILE = ParstagramUITests/Info.plist;
				LD_RUNPATH_SEARCH_PATHS = (
					"$(inherited)",
					"@executable_path/Frameworks",
					"@loader_path/Frameworks",
				);
				PRODUCT_BUNDLE_IDENTIFIER = com.gabrielleviray.ParstagramUITests;
				PRODUCT_NAME = "$(TARGET_NAME)";
				SWIFT_VERSION = 5.0;
				TARGETED_DEVICE_FAMILY = "1,2";
				TEST_TARGET_NAME = Parstagram;
			};
			name = Debug;
		};
		A695023625215A8800B14D26 /* Release */ = {
			isa = XCBuildConfiguration;
			baseConfigurationReference = 6BD5C720232BC6B3BD5EE643 /* Pods-Parstagram-ParstagramUITests.release.xcconfig */;
			buildSettings = {
				ALWAYS_EMBED_SWIFT_STANDARD_LIBRARIES = YES;
				CODE_SIGN_STYLE = Automatic;
				DEVELOPMENT_TEAM = PWUAJ69Y97;
				INFOPLIST_FILE = ParstagramUITests/Info.plist;
				LD_RUNPATH_SEARCH_PATHS = (
					"$(inherited)",
					"@executable_path/Frameworks",
					"@loader_path/Frameworks",
				);
				PRODUCT_BUNDLE_IDENTIFIER = com.gabrielleviray.ParstagramUITests;
				PRODUCT_NAME = "$(TARGET_NAME)";
				SWIFT_VERSION = 5.0;
				TARGETED_DEVICE_FAMILY = "1,2";
				TEST_TARGET_NAME = Parstagram;
			};
			name = Release;
		};
/* End XCBuildConfiguration section */

/* Begin XCConfigurationList section */
		A69501FF25215A8400B14D26 /* Build configuration list for PBXProject "Parstagram" */ = {
			isa = XCConfigurationList;
			buildConfigurations = (
				A695022C25215A8800B14D26 /* Debug */,
				A695022D25215A8800B14D26 /* Release */,
			);
			defaultConfigurationIsVisible = 0;
			defaultConfigurationName = Release;
		};
		A695022E25215A8800B14D26 /* Build configuration list for PBXNativeTarget "Parstagram" */ = {
			isa = XCConfigurationList;
			buildConfigurations = (
				A695022F25215A8800B14D26 /* Debug */,
				A695023025215A8800B14D26 /* Release */,
			);
			defaultConfigurationIsVisible = 0;
			defaultConfigurationName = Release;
		};
		A695023125215A8800B14D26 /* Build configuration list for PBXNativeTarget "ParstagramTests" */ = {
			isa = XCConfigurationList;
			buildConfigurations = (
				A695023225215A8800B14D26 /* Debug */,
				A695023325215A8800B14D26 /* Release */,
			);
			defaultConfigurationIsVisible = 0;
			defaultConfigurationName = Release;
		};
		A695023425215A8800B14D26 /* Build configuration list for PBXNativeTarget "ParstagramUITests" */ = {
			isa = XCConfigurationList;
			buildConfigurations = (
				A695023525215A8800B14D26 /* Debug */,
				A695023625215A8800B14D26 /* Release */,
			);
			defaultConfigurationIsVisible = 0;
			defaultConfigurationName = Release;
		};
/* End XCConfigurationList section */
	};
	rootObject = A69501FC25215A8400B14D26 /* Project object */;
}
